// !$*UTF8*$!
{
	archiveVersion = 1;
	classes = {
	};
	objectVersion = 50;
	objects = {

/* Begin PBXBuildFile section */
		12001F5C22A2640F000A5EAD /* AppDelegate.swift in Sources */ = {isa = PBXBuildFile; fileRef = 12001F5B22A2640F000A5EAD /* AppDelegate.swift */; };
		12001F5E22A2640F000A5EAD /* ViewController.swift in Sources */ = {isa = PBXBuildFile; fileRef = 12001F5D22A2640F000A5EAD /* ViewController.swift */; };
		12001F6122A2640F000A5EAD /* Main.storyboard in Resources */ = {isa = PBXBuildFile; fileRef = 12001F5F22A2640F000A5EAD /* Main.storyboard */; };
		12001F6322A26417000A5EAD /* Assets.xcassets in Resources */ = {isa = PBXBuildFile; fileRef = 12001F6222A26417000A5EAD /* Assets.xcassets */; };
		12001F6622A26417000A5EAD /* LaunchScreen.storyboard in Resources */ = {isa = PBXBuildFile; fileRef = 12001F6422A26417000A5EAD /* LaunchScreen.storyboard */; };
		12001F7122A26417000A5EAD /* DSPSTests.swift in Sources */ = {isa = PBXBuildFile; fileRef = 12001F7022A26417000A5EAD /* DSPSTests.swift */; };
		12001F7C22A26417000A5EAD /* DSPSUITests.swift in Sources */ = {isa = PBXBuildFile; fileRef = 12001F7B22A26417000A5EAD /* DSPSUITests.swift */; };
/* End PBXBuildFile section */

/* Begin PBXContainerItemProxy section */
		12001F6D22A26417000A5EAD /* PBXContainerItemProxy */ = {
			isa = PBXContainerItemProxy;
			containerPortal = 12001F5022A2640F000A5EAD /* Project object */;
			proxyType = 1;
			remoteGlobalIDString = 12001F5722A2640F000A5EAD;
			remoteInfo = DSPS;
		};
		12001F7822A26417000A5EAD /* PBXContainerItemProxy */ = {
			isa = PBXContainerItemProxy;
			containerPortal = 12001F5022A2640F000A5EAD /* Project object */;
			proxyType = 1;
			remoteGlobalIDString = 12001F5722A2640F000A5EAD;
			remoteInfo = DSPS;
		};
/* End PBXContainerItemProxy section */

/* Begin PBXFileReference section */
		12001F5822A2640F000A5EAD /* DSPS.app */ = {isa = PBXFileReference; explicitFileType = wrapper.application; includeInIndex = 0; path = DSPS.app; sourceTree = BUILT_PRODUCTS_DIR; };
		12001F5B22A2640F000A5EAD /* AppDelegate.swift */ = {isa = PBXFileReference; lastKnownFileType = sourcecode.swift; path = AppDelegate.swift; sourceTree = "<group>"; };
		12001F5D22A2640F000A5EAD /* ViewController.swift */ = {isa = PBXFileReference; lastKnownFileType = sourcecode.swift; path = ViewController.swift; sourceTree = "<group>"; };
		12001F6022A2640F000A5EAD /* Base */ = {isa = PBXFileReference; lastKnownFileType = file.storyboard; name = Base; path = Base.lproj/Main.storyboard; sourceTree = "<group>"; };
		12001F6222A26417000A5EAD /* Assets.xcassets */ = {isa = PBXFileReference; lastKnownFileType = folder.assetcatalog; path = Assets.xcassets; sourceTree = "<group>"; };
		12001F6522A26417000A5EAD /* Base */ = {isa = PBXFileReference; lastKnownFileType = file.storyboard; name = Base; path = Base.lproj/LaunchScreen.storyboard; sourceTree = "<group>"; };
		12001F6722A26417000A5EAD /* Info.plist */ = {isa = PBXFileReference; lastKnownFileType = text.plist.xml; path = Info.plist; sourceTree = "<group>"; };
		12001F6C22A26417000A5EAD /* DSPSTests.xctest */ = {isa = PBXFileReference; explicitFileType = wrapper.cfbundle; includeInIndex = 0; path = DSPSTests.xctest; sourceTree = BUILT_PRODUCTS_DIR; };
		12001F7022A26417000A5EAD /* DSPSTests.swift */ = {isa = PBXFileReference; lastKnownFileType = sourcecode.swift; path = DSPSTests.swift; sourceTree = "<group>"; };
		12001F7222A26417000A5EAD /* Info.plist */ = {isa = PBXFileReference; lastKnownFileType = text.plist.xml; path = Info.plist; sourceTree = "<group>"; };
		12001F7722A26417000A5EAD /* DSPSUITests.xctest */ = {isa = PBXFileReference; explicitFileType = wrapper.cfbundle; includeInIndex = 0; path = DSPSUITests.xctest; sourceTree = BUILT_PRODUCTS_DIR; };
		12001F7B22A26417000A5EAD /* DSPSUITests.swift */ = {isa = PBXFileReference; lastKnownFileType = sourcecode.swift; path = DSPSUITests.swift; sourceTree = "<group>"; };
		12001F7D22A26417000A5EAD /* Info.plist */ = {isa = PBXFileReference; lastKnownFileType = text.plist.xml; path = Info.plist; sourceTree = "<group>"; };
/* End PBXFileReference section */

/* Begin PBXFrameworksBuildPhase section */
		12001F5522A2640F000A5EAD /* Frameworks */ = {
			isa = PBXFrameworksBuildPhase;
			buildActionMask = 2147483647;
			files = (
			);
			runOnlyForDeploymentPostprocessing = 0;
		};
		12001F6922A26417000A5EAD /* Frameworks */ = {
			isa = PBXFrameworksBuildPhase;
			buildActionMask = 2147483647;
			files = (
			);
			runOnlyForDeploymentPostprocessing = 0;
		};
		12001F7422A26417000A5EAD /* Frameworks */ = {
			isa = PBXFrameworksBuildPhase;
			buildActionMask = 2147483647;
			files = (
			);
			runOnlyForDeploymentPostprocessing = 0;
		};
/* End PBXFrameworksBuildPhase section */

/* Begin PBXGroup section */
		12001F4F22A2640F000A5EAD = {
			isa = PBXGroup;
			children = (
				12001F5A22A2640F000A5EAD /* DSPS */,
				12001F6F22A26417000A5EAD /* DSPSTests */,
				12001F7A22A26417000A5EAD /* DSPSUITests */,
				12001F5922A2640F000A5EAD /* Products */,
			);
			sourceTree = "<group>";
		};
		12001F5922A2640F000A5EAD /* Products */ = {
			isa = PBXGroup;
			children = (
				12001F5822A2640F000A5EAD /* DSPS.app */,
				12001F6C22A26417000A5EAD /* DSPSTests.xctest */,
				12001F7722A26417000A5EAD /* DSPSUITests.xctest */,
			);
			name = Products;
			sourceTree = "<group>";
		};
		12001F5A22A2640F000A5EAD /* DSPS */ = {
			isa = PBXGroup;
			children = (
				12001F5B22A2640F000A5EAD /* AppDelegate.swift */,
				12001F5D22A2640F000A5EAD /* ViewController.swift */,
				12001F5F22A2640F000A5EAD /* Main.storyboard */,
				12001F6222A26417000A5EAD /* Assets.xcassets */,
				12001F6422A26417000A5EAD /* LaunchScreen.storyboard */,
				12001F6722A26417000A5EAD /* Info.plist */,
			);
			path = DSPS;
			sourceTree = "<group>";
		};
		12001F6F22A26417000A5EAD /* DSPSTests */ = {
			isa = PBXGroup;
			children = (
				12001F7022A26417000A5EAD /* DSPSTests.swift */,
				12001F7222A26417000A5EAD /* Info.plist */,
			);
			path = DSPSTests;
			sourceTree = "<group>";
		};
		12001F7A22A26417000A5EAD /* DSPSUITests */ = {
			isa = PBXGroup;
			children = (
				12001F7B22A26417000A5EAD /* DSPSUITests.swift */,
				12001F7D22A26417000A5EAD /* Info.plist */,
			);
			path = DSPSUITests;
			sourceTree = "<group>";
		};
/* End PBXGroup section */

/* Begin PBXNativeTarget section */
		12001F5722A2640F000A5EAD /* DSPS */ = {
			isa = PBXNativeTarget;
			buildConfigurationList = 12001F8022A26417000A5EAD /* Build configuration list for PBXNativeTarget "DSPS" */;
			buildPhases = (
				12001F5422A2640F000A5EAD /* Sources */,
				12001F5522A2640F000A5EAD /* Frameworks */,
				12001F5622A2640F000A5EAD /* Resources */,
			);
			buildRules = (
			);
			dependencies = (
			);
			name = DSPS;
			productName = DSPS;
			productReference = 12001F5822A2640F000A5EAD /* DSPS.app */;
			productType = "com.apple.product-type.application";
		};
		12001F6B22A26417000A5EAD /* DSPSTests */ = {
			isa = PBXNativeTarget;
			buildConfigurationList = 12001F8322A26417000A5EAD /* Build configuration list for PBXNativeTarget "DSPSTests" */;
			buildPhases = (
				12001F6822A26417000A5EAD /* Sources */,
				12001F6922A26417000A5EAD /* Frameworks */,
				12001F6A22A26417000A5EAD /* Resources */,
			);
			buildRules = (
			);
			dependencies = (
				12001F6E22A26417000A5EAD /* PBXTargetDependency */,
			);
			name = DSPSTests;
			productName = DSPSTests;
			productReference = 12001F6C22A26417000A5EAD /* DSPSTests.xctest */;
			productType = "com.apple.product-type.bundle.unit-test";
		};
		12001F7622A26417000A5EAD /* DSPSUITests */ = {
			isa = PBXNativeTarget;
			buildConfigurationList = 12001F8622A26417000A5EAD /* Build configuration list for PBXNativeTarget "DSPSUITests" */;
			buildPhases = (
				12001F7322A26417000A5EAD /* Sources */,
				12001F7422A26417000A5EAD /* Frameworks */,
				12001F7522A26417000A5EAD /* Resources */,
			);
			buildRules = (
			);
			dependencies = (
				12001F7922A26417000A5EAD /* PBXTargetDependency */,
			);
			name = DSPSUITests;
			productName = DSPSUITests;
			productReference = 12001F7722A26417000A5EAD /* DSPSUITests.xctest */;
			productType = "com.apple.product-type.bundle.ui-testing";
		};
/* End PBXNativeTarget section */

/* Begin PBXProject section */
		12001F5022A2640F000A5EAD /* Project object */ = {
			isa = PBXProject;
			attributes = {
				LastSwiftUpdateCheck = 1010;
				LastUpgradeCheck = 1010;
				ORGANIZATIONNAME = bhumesh;
				TargetAttributes = {
					12001F5722A2640F000A5EAD = {
						CreatedOnToolsVersion = 10.1;
					};
					12001F6B22A26417000A5EAD = {
						CreatedOnToolsVersion = 10.1;
						TestTargetID = 12001F5722A2640F000A5EAD;
					};
					12001F7622A26417000A5EAD = {
						CreatedOnToolsVersion = 10.1;
						TestTargetID = 12001F5722A2640F000A5EAD;
					};
				};
			};
			buildConfigurationList = 12001F5322A2640F000A5EAD /* Build configuration list for PBXProject "DSPS" */;
			compatibilityVersion = "Xcode 9.3";
			developmentRegion = en;
			hasScannedForEncodings = 0;
			knownRegions = (
				en,
				Base,
			);
			mainGroup = 12001F4F22A2640F000A5EAD;
			productRefGroup = 12001F5922A2640F000A5EAD /* Products */;
			projectDirPath = "";
			projectRoot = "";
			targets = (
				12001F5722A2640F000A5EAD /* DSPS */,
				12001F6B22A26417000A5EAD /* DSPSTests */,
				12001F7622A26417000A5EAD /* DSPSUITests */,
			);
		};
/* End PBXProject section */

/* Begin PBXResourcesBuildPhase section */
		12001F5622A2640F000A5EAD /* Resources */ = {
			isa = PBXResourcesBuildPhase;
			buildActionMask = 2147483647;
			files = (
				12001F6622A26417000A5EAD /* LaunchScreen.storyboard in Resources */,
				12001F6322A26417000A5EAD /* Assets.xcassets in Resources */,
				12001F6122A2640F000A5EAD /* Main.storyboard in Resources */,
			);
			runOnlyForDeploymentPostprocessing = 0;
		};
		12001F6A22A26417000A5EAD /* Resources */ = {
			isa = PBXResourcesBuildPhase;
			buildActionMask = 2147483647;
			files = (
			);
			runOnlyForDeploymentPostprocessing = 0;
		};
		12001F7522A26417000A5EAD /* Resources */ = {
			isa = PBXResourcesBuildPhase;
			buildActionMask = 2147483647;
			files = (
			);
			runOnlyForDeploymentPostprocessing = 0;
		};
/* End PBXResourcesBuildPhase section */

/* Begin PBXSourcesBuildPhase section */
		12001F5422A2640F000A5EAD /* Sources */ = {
			isa = PBXSourcesBuildPhase;
			buildActionMask = 2147483647;
			files = (
				12001F5E22A2640F000A5EAD /* ViewController.swift in Sources */,
				12001F5C22A2640F000A5EAD /* AppDelegate.swift in Sources */,
			);
			runOnlyForDeploymentPostprocessing = 0;
		};
		12001F6822A26417000A5EAD /* Sources */ = {
			isa = PBXSourcesBuildPhase;
			buildActionMask = 2147483647;
			files = (
				12001F7122A26417000A5EAD /* DSPSTests.swift in Sources */,
			);
			runOnlyForDeploymentPostprocessing = 0;
		};
		12001F7322A26417000A5EAD /* Sources */ = {
			isa = PBXSourcesBuildPhase;
			buildActionMask = 2147483647;
			files = (
				12001F7C22A26417000A5EAD /* DSPSUITests.swift in Sources */,
			);
			runOnlyForDeploymentPostprocessing = 0;
		};
/* End PBXSourcesBuildPhase section */

/* Begin PBXTargetDependency section */
		12001F6E22A26417000A5EAD /* PBXTargetDependency */ = {
			isa = PBXTargetDependency;
			target = 12001F5722A2640F000A5EAD /* DSPS */;
			targetProxy = 12001F6D22A26417000A5EAD /* PBXContainerItemProxy */;
		};
		12001F7922A26417000A5EAD /* PBXTargetDependency */ = {
			isa = PBXTargetDependency;
			target = 12001F5722A2640F000A5EAD /* DSPS */;
			targetProxy = 12001F7822A26417000A5EAD /* PBXContainerItemProxy */;
		};
/* End PBXTargetDependency section */

/* Begin PBXVariantGroup section */
		12001F5F22A2640F000A5EAD /* Main.storyboard */ = {
			isa = PBXVariantGroup;
			children = (
				12001F6022A2640F000A5EAD /* Base */,
			);
			name = Main.storyboard;
			sourceTree = "<group>";
		};
		12001F6422A26417000A5EAD /* LaunchScreen.storyboard */ = {
			isa = PBXVariantGroup;
			children = (
				12001F6522A26417000A5EAD /* Base */,
			);
			name = LaunchScreen.storyboard;
			sourceTree = "<group>";
		};
/* End PBXVariantGroup section */

/* Begin XCBuildConfiguration section */
		12001F7E22A26417000A5EAD /* Debug */ = {
			isa = XCBuildConfiguration;
			buildSettings = {
				ALWAYS_SEARCH_USER_PATHS = NO;
				CLANG_ANALYZER_NONNULL = YES;
				CLANG_ANALYZER_NUMBER_OBJECT_CONVERSION = YES_AGGRESSIVE;
				CLANG_CXX_LANGUAGE_STANDARD = "gnu++14";
				CLANG_CXX_LIBRARY = "libc++";
				CLANG_ENABLE_MODULES = YES;
				CLANG_ENABLE_OBJC_ARC = YES;
				CLANG_ENABLE_OBJC_WEAK = YES;
				CLANG_WARN_BLOCK_CAPTURE_AUTORELEASING = YES;
				CLANG_WARN_BOOL_CONVERSION = YES;
				CLANG_WARN_COMMA = YES;
				CLANG_WARN_CONSTANT_CONVERSION = YES;
				CLANG_WARN_DEPRECATED_OBJC_IMPLEMENTATIONS = YES;
				CLANG_WARN_DIRECT_OBJC_ISA_USAGE = YES_ERROR;
				CLANG_WARN_DOCUMENTATION_COMMENTS = YES;
				CLANG_WARN_EMPTY_BODY = YES;
				CLANG_WARN_ENUM_CONVERSION = YES;
				CLANG_WARN_INFINITE_RECURSION = YES;
				CLANG_WARN_INT_CONVERSION = YES;
				CLANG_WARN_NON_LITERAL_NULL_CONVERSION = YES;
				CLANG_WARN_OBJC_IMPLICIT_RETAIN_SELF = YES;
				CLANG_WARN_OBJC_LITERAL_CONVERSION = YES;
				CLANG_WARN_OBJC_ROOT_CLASS = YES_ERROR;
				CLANG_WARN_RANGE_LOOP_ANALYSIS = YES;
				CLANG_WARN_STRICT_PROTOTYPES = YES;
				CLANG_WARN_SUSPICIOUS_MOVE = YES;
				CLANG_WARN_UNGUARDED_AVAILABILITY = YES_AGGRESSIVE;
				CLANG_WARN_UNREACHABLE_CODE = YES;
				CLANG_WARN__DUPLICATE_METHOD_MATCH = YES;
				CODE_SIGN_IDENTITY = "iPhone Developer";
				COPY_PHASE_STRIP = NO;
				DEBUG_INFORMATION_FORMAT = dwarf;
				ENABLE_STRICT_OBJC_MSGSEND = YES;
				ENABLE_TESTABILITY = YES;
				GCC_C_LANGUAGE_STANDARD = gnu11;
				GCC_DYNAMIC_NO_PIC = NO;
				GCC_NO_COMMON_BLOCKS = YES;
				GCC_OPTIMIZATION_LEVEL = 0;
				GCC_PREPROCESSOR_DEFINITIONS = (
					"DEBUG=1",
					"$(inherited)",
				);
				GCC_WARN_64_TO_32_BIT_CONVERSION = YES;
				GCC_WARN_ABOUT_RETURN_TYPE = YES_ERROR;
				GCC_WARN_UNDECLARED_SELECTOR = YES;
				GCC_WARN_UNINITIALIZED_AUTOS = YES_AGGRESSIVE;
				GCC_WARN_UNUSED_FUNCTION = YES;
				GCC_WARN_UNUSED_VARIABLE = YES;
				IPHONEOS_DEPLOYMENT_TARGET = 12.1;
				MTL_ENABLE_DEBUG_INFO = INCLUDE_SOURCE;
				MTL_FAST_MATH = YES;
				ONLY_ACTIVE_ARCH = YES;
				SDKROOT = iphoneos;
				SWIFT_ACTIVE_COMPILATION_CONDITIONS = DEBUG;
				SWIFT_OPTIMIZATION_LEVEL = "-Onone";
			};
			name = Debug;
		};
		12001F7F22A26417000A5EAD /* Release */ = {
			isa = XCBuildConfiguration;
			buildSettings = {
				ALWAYS_SEARCH_USER_PATHS = NO;
				CLANG_ANALYZER_NONNULL = YES;
				CLANG_ANALYZER_NUMBER_OBJECT_CONVERSION = YES_AGGRESSIVE;
				CLANG_CXX_LANGUAGE_STANDARD = "gnu++14";
				CLANG_CXX_LIBRARY = "libc++";
				CLANG_ENABLE_MODULES = YES;
				CLANG_ENABLE_OBJC_ARC = YES;
				CLANG_ENABLE_OBJC_WEAK = YES;
				CLANG_WARN_BLOCK_CAPTURE_AUTORELEASING = YES;
				CLANG_WARN_BOOL_CONVERSION = YES;
				CLANG_WARN_COMMA = YES;
				CLANG_WARN_CONSTANT_CONVERSION = YES;
				CLANG_WARN_DEPRECATED_OBJC_IMPLEMENTATIONS = YES;
				CLANG_WARN_DIRECT_OBJC_ISA_USAGE = YES_ERROR;
				CLANG_WARN_DOCUMENTATION_COMMENTS = YES;
				CLANG_WARN_EMPTY_BODY = YES;
				CLANG_WARN_ENUM_CONVERSION = YES;
				CLANG_WARN_INFINITE_RECURSION = YES;
				CLANG_WARN_INT_CONVERSION = YES;
				CLANG_WARN_NON_LITERAL_NULL_CONVERSION = YES;
				CLANG_WARN_OBJC_IMPLICIT_RETAIN_SELF = YES;
				CLANG_WARN_OBJC_LITERAL_CONVERSION = YES;
				CLANG_WARN_OBJC_ROOT_CLASS = YES_ERROR;
				CLANG_WARN_RANGE_LOOP_ANALYSIS = YES;
				CLANG_WARN_STRICT_PROTOTYPES = YES;
				CLANG_WARN_SUSPICIOUS_MOVE = YES;
				CLANG_WARN_UNGUARDED_AVAILABILITY = YES_AGGRESSIVE;
				CLANG_WARN_UNREACHABLE_CODE = YES;
				CLANG_WARN__DUPLICATE_METHOD_MATCH = YES;
				CODE_SIGN_IDENTITY = "iPhone Developer";
				COPY_PHASE_STRIP = NO;
				DEBUG_INFORMATION_FORMAT = "dwarf-with-dsym";
				ENABLE_NS_ASSERTIONS = NO;
				ENABLE_STRICT_OBJC_MSGSEND = YES;
				GCC_C_LANGUAGE_STANDARD = gnu11;
				GCC_NO_COMMON_BLOCKS = YES;
				GCC_WARN_64_TO_32_BIT_CONVERSION = YES;
				GCC_WARN_ABOUT_RETURN_TYPE = YES_ERROR;
				GCC_WARN_UNDECLARED_SELECTOR = YES;
				GCC_WARN_UNINITIALIZED_AUTOS = YES_AGGRESSIVE;
				GCC_WARN_UNUSED_FUNCTION = YES;
				GCC_WARN_UNUSED_VARIABLE = YES;
				IPHONEOS_DEPLOYMENT_TARGET = 12.1;
				MTL_ENABLE_DEBUG_INFO = NO;
				MTL_FAST_MATH = YES;
				SDKROOT = iphoneos;
				SWIFT_COMPILATION_MODE = wholemodule;
				SWIFT_OPTIMIZATION_LEVEL = "-O";
				VALIDATE_PRODUCT = YES;
			};
			name = Release;
		};
		12001F8122A26417000A5EAD /* Debug */ = {
			isa = XCBuildConfiguration;
			buildSettings = {
				ASSETCATALOG_COMPILER_APPICON_NAME = AppIcon;
				CODE_SIGN_STYLE = Automatic;
				DEVELOPMENT_TEAM = 4PMVD43P38;
				INFOPLIST_FILE = DSPS/Info.plist;
				LD_RUNPATH_SEARCH_PATHS = (
					"$(inherited)",
					"@executable_path/Frameworks",
				);
				PRODUCT_BUNDLE_IDENTIFIER = com.infiniumsolutionz.DSPS;
				PRODUCT_NAME = "$(TARGET_NAME)";
				SWIFT_VERSION = 4.2;
				TARGETED_DEVICE_FAMILY = "1,2";
			};
			name = Debug;
		};
		12001F8222A26417000A5EAD /* Release */ = {
			isa = XCBuildConfiguration;
			buildSettings = {
				ASSETCATALOG_COMPILER_APPICON_NAME = AppIcon;
				CODE_SIGN_STYLE = Automatic;
				DEVELOPMENT_TEAM = 4PMVD43P38;
				INFOPLIST_FILE = DSPS/Info.plist;
				LD_RUNPATH_SEARCH_PATHS = (
					"$(inherited)",
					"@executable_path/Frameworks",
				);
				PRODUCT_BUNDLE_IDENTIFIER = com.infiniumsolutionz.DSPS;
				PRODUCT_NAME = "$(TARGET_NAME)";
				SWIFT_VERSION = 4.2;
				TARGETED_DEVICE_FAMILY = "1,2";
			};
			name = Release;
		};
		12001F8422A26417000A5EAD /* Debug */ = {
			isa = XCBuildConfiguration;
			buildSettings = {
				ALWAYS_EMBED_SWIFT_STANDARD_LIBRARIES = YES;
				BUNDLE_LOADER = "$(TEST_HOST)";
				CODE_SIGN_STYLE = Automatic;
				DEVELOPMENT_TEAM = 4PMVD43P38;
				INFOPLIST_FILE = DSPSTests/Info.plist;
				LD_RUNPATH_SEARCH_PATHS = (
					"$(inherited)",
					"@executable_path/Frameworks",
					"@loader_path/Frameworks",
				);
				PRODUCT_BUNDLE_IDENTIFIER = com.infiniumsolutionz.DSPSTests;
				PRODUCT_NAME = "$(TARGET_NAME)";
				SWIFT_VERSION = 4.2;
				TARGETED_DEVICE_FAMILY = "1,2";
				TEST_HOST = "$(BUILT_PRODUCTS_DIR)/DSPS.app/DSPS";
			};
			name = Debug;
		};
		12001F8522A26417000A5EAD /* Release */ = {
			isa = XCBuildConfiguration;
			buildSettings = {
				ALWAYS_EMBED_SWIFT_STANDARD_LIBRARIES = YES;
				BUNDLE_LOADER = "$(TEST_HOST)";
				CODE_SIGN_STYLE = Automatic;
				DEVELOPMENT_TEAM = 4PMVD43P38;
				INFOPLIST_FILE = DSPSTests/Info.plist;
				LD_RUNPATH_SEARCH_PATHS = (
					"$(inherited)",
					"@executable_path/Frameworks",
					"@loader_path/Frameworks",
				);
				PRODUCT_BUNDLE_IDENTIFIER = com.infiniumsolutionz.DSPSTests;
				PRODUCT_NAME = "$(TARGET_NAME)";
				SWIFT_VERSION = 4.2;
				TARGETED_DEVICE_FAMILY = "1,2";
				TEST_HOST = "$(BUILT_PRODUCTS_DIR)/DSPS.app/DSPS";
			};
			name = Release;
		};
		12001F8722A26417000A5EAD /* Debug */ = {
			isa = XCBuildConfiguration;
			buildSettings = {
				ALWAYS_EMBED_SWIFT_STANDARD_LIBRARIES = YES;
				CODE_SIGN_STYLE = Automatic;
				DEVELOPMENT_TEAM = 4PMVD43P38;
				INFOPLIST_FILE = DSPSUITests/Info.plist;
				LD_RUNPATH_SEARCH_PATHS = (
					"$(inherited)",
					"@executable_path/Frameworks",
					"@loader_path/Frameworks",
				);
				PRODUCT_BUNDLE_IDENTIFIER = com.infiniumsolutionz.DSPSUITests;
				PRODUCT_NAME = "$(TARGET_NAME)";
				SWIFT_VERSION = 4.2;
				TARGETED_DEVICE_FAMILY = "1,2";
				TEST_TARGET_NAME = DSPS;
			};
			name = Debug;
		};
		12001F8822A26417000A5EAD /* Release */ = {
			isa = XCBuildConfiguration;
			buildSettings = {
				ALWAYS_EMBED_SWIFT_STANDARD_LIBRARIES = YES;
				CODE_SIGN_STYLE = Automatic;
				DEVELOPMENT_TEAM = 4PMVD43P38;
				INFOPLIST_FILE = DSPSUITests/Info.plist;
				LD_RUNPATH_SEARCH_PATHS = (
					"$(inherited)",
					"@executable_path/Frameworks",
					"@loader_path/Frameworks",
				);
				PRODUCT_BUNDLE_IDENTIFIER = com.infiniumsolutionz.DSPSUITests;
				PRODUCT_NAME = "$(TARGET_NAME)";
				SWIFT_VERSION = 4.2;
				TARGETED_DEVICE_FAMILY = "1,2";
				TEST_TARGET_NAME = DSPS;
			};
			name = Release;
		};
/* End XCBuildConfiguration section */

/* Begin XCConfigurationList section */
		12001F5322A2640F000A5EAD /* Build configuration list for PBXProject "DSPS" */ = {
			isa = XCConfigurationList;
			buildConfigurations = (
				12001F7E22A26417000A5EAD /* Debug */,
				12001F7F22A26417000A5EAD /* Release */,
			);
			defaultConfigurationIsVisible = 0;
			defaultConfigurationName = Release;
		};
		12001F8022A26417000A5EAD /* Build configuration list for PBXNativeTarget "DSPS" */ = {
			isa = XCConfigurationList;
			buildConfigurations = (
				12001F8122A26417000A5EAD /* Debug */,
				12001F8222A26417000A5EAD /* Release */,
			);
			defaultConfigurationIsVisible = 0;
			defaultConfigurationName = Release;
		};
		12001F8322A26417000A5EAD /* Build configuration list for PBXNativeTarget "DSPSTests" */ = {
			isa = XCConfigurationList;
			buildConfigurations = (
				12001F8422A26417000A5EAD /* Debug */,
				12001F8522A26417000A5EAD /* Release */,
			);
			defaultConfigurationIsVisible = 0;
			defaultConfigurationName = Release;
		};
		12001F8622A26417000A5EAD /* Build configuration list for PBXNativeTarget "DSPSUITests" */ = {
			isa = XCConfigurationList;
			buildConfigurations = (
				12001F8722A26417000A5EAD /* Debug */,
				12001F8822A26417000A5EAD /* Release */,
			);
			defaultConfigurationIsVisible = 0;
			defaultConfigurationName = Release;
		};
/* End XCConfigurationList section */
	};
	rootObject = 12001F5022A2640F000A5EAD /* Project object */;
}
